
Microsoft Visual Studio Solution File, Format Version 12.00
# Visual Studio Version 16
VisualStudioVersion = 16.0.30717.126
MinimumVisualStudioVersion = 10.0.40219.1
Project("{9A19103F-16F7-4668-BE54-9A1E7A4F7556}") = "Fin.Api", "Fin.Api\Fin.Api.csproj", "{663BF532-D406-4DD6-BB55-82C330B34319}"
EndProject
Project("{FAE04EC0-301F-11D3-BF4B-00C04F79EFBC}") = "Fin.Test", "Fin.Test\Fin.Test.csproj", "{CB89BEB2-1271-48A2-9A77-7FF87E6EAE1B}"
EndProject
Project("{FAE04EC0-301F-11D3-BF4B-00C04F79EFBC}") = "Fin.Core", "Fin.Core\Fin.Core.csproj", "{E00BF846-BFA7-4EBE-ABD2-9423CD4E0C05}"
EndProject
Global
	GlobalSection(SolutionConfigurationPlatforms) = preSolution
		Debug|Any CPU = Debug|Any CPU
		Release|Any CPU = Release|Any CPU
	EndGlobalSection
	GlobalSection(ProjectConfigurationPlatforms) = postSolution
		{663BF532-D406-4DD6-BB55-82C330B34319}.Debug|Any CPU.ActiveCfg = Debug|Any CPU
		{663BF532-D406-4DD6-BB55-82C330B34319}.Debug|Any CPU.Build.0 = Debug|Any CPU
		{663BF532-D406-4DD6-BB55-82C330B34319}.Release|Any CPU.ActiveCfg = Release|Any CPU
		{663BF532-D406-4DD6-BB55-82C330B34319}.Release|Any CPU.Build.0 = Release|Any CPU
		{CB89BEB2-1271-48A2-9A77-7FF87E6EAE1B}.Debug|Any CPU.ActiveCfg = Debug|Any CPU
		{CB89BEB2-1271-48A2-9A77-7FF87E6EAE1B}.Debug|Any CPU.Build.0 = Debug|Any CPU
		{CB89BEB2-1271-48A2-9A77-7FF87E6EAE1B}.Release|Any CPU.ActiveCfg = Release|Any CPU
		{CB89BEB2-1271-48A2-9A77-7FF87E6EAE1B}.Release|Any CPU.Build.0 = Release|Any CPU
		{E00BF846-BFA7-4EBE-ABD2-9423CD4E0C05}.Debug|Any CPU.ActiveCfg = Debug|Any CPU
		{E00BF846-BFA7-4EBE-ABD2-9423CD4E0C05}.Debug|Any CPU.Build.0 = Debug|Any CPU
		{E00BF846-BFA7-4EBE-ABD2-9423CD4E0C05}.Release|Any CPU.ActiveCfg = Release|Any CPU
		{E00BF846-BFA7-4EBE-ABD2-9423CD4E0C05}.Release|Any CPU.Build.0 = Release|Any CPU
	EndGlobalSection
	GlobalSection(SolutionProperties) = preSolution
		HideSolutionNode = FALSE
	EndGlobalSection
	GlobalSection(ExtensibilityGlobals) = postSolution
		SolutionGuid = {E0016281-3B5E-4D41-9DD0-3C94CC4F244A}
	EndGlobalSection
EndGlobal
